
Microsoft Visual Studio Solution File, Format Version 12.00
# Visual Studio 2012
Project("{FAE04EC0-301F-11D3-BF4B-00C04F79EFBC}") = "LearingXamarin", "LearingXamarin\LearingXamarin.csproj", "{88A70176-FCF6-46F7-BA1E-5DE0356DF63F}"
EndProject
Project("{FAE04EC0-301F-11D3-BF4B-00C04F79EFBC}") = "LearingXamarin.iOS", "iOS\LearingXamarin.iOS.csproj", "{0AF4287F-F5A0-4FAE-B08F-A9662B9A2F91}"
EndProject
Project("{FAE04EC0-301F-11D3-BF4B-00C04F79EFBC}") = "LearingXamarin.Droid", "Droid\LearingXamarin.Droid.csproj", "{8632B29D-C168-49A4-8969-F5E5D50738D1}"
EndProject
Global
	GlobalSection(SolutionConfigurationPlatforms) = preSolution
		Debug|Any CPU = Debug|Any CPU
		Release|Any CPU = Release|Any CPU
		Debug|iPhoneSimulator = Debug|iPhoneSimulator
		Release|iPhone = Release|iPhone
		Release|iPhoneSimulator = Release|iPhoneSimulator
		Debug|iPhone = Debug|iPhone
	EndGlobalSection
	GlobalSection(ProjectConfigurationPlatforms) = postSolution
		{88A70176-FCF6-46F7-BA1E-5DE0356DF63F}.Debug|Any CPU.ActiveCfg = Debug|Any CPU
		{88A70176-FCF6-46F7-BA1E-5DE0356DF63F}.Debug|Any CPU.Build.0 = Debug|Any CPU
		{88A70176-FCF6-46F7-BA1E-5DE0356DF63F}.Release|Any CPU.ActiveCfg = Release|Any CPU
		{88A70176-FCF6-46F7-BA1E-5DE0356DF63F}.Release|Any CPU.Build.0 = Release|Any CPU
		{88A70176-FCF6-46F7-BA1E-5DE0356DF63F}.Debug|iPhoneSimulator.ActiveCfg = Debug|Any CPU
		{88A70176-FCF6-46F7-BA1E-5DE0356DF63F}.Debug|iPhoneSimulator.Build.0 = Debug|Any CPU
		{88A70176-FCF6-46F7-BA1E-5DE0356DF63F}.Release|iPhone.ActiveCfg = Release|Any CPU
		{88A70176-FCF6-46F7-BA1E-5DE0356DF63F}.Release|iPhone.Build.0 = Release|Any CPU
		{88A70176-FCF6-46F7-BA1E-5DE0356DF63F}.Release|iPhoneSimulator.ActiveCfg = Release|Any CPU
		{88A70176-FCF6-46F7-BA1E-5DE0356DF63F}.Release|iPhoneSimulator.Build.0 = Release|Any CPU
		{88A70176-FCF6-46F7-BA1E-5DE0356DF63F}.Debug|iPhone.ActiveCfg = Debug|Any CPU
		{88A70176-FCF6-46F7-BA1E-5DE0356DF63F}.Debug|iPhone.Build.0 = Debug|Any CPU
		{0AF4287F-F5A0-4FAE-B08F-A9662B9A2F91}.Debug|Any CPU.ActiveCfg = Debug|iPhoneSimulator
		{0AF4287F-F5A0-4FAE-B08F-A9662B9A2F91}.Debug|Any CPU.Build.0 = Debug|iPhoneSimulator
		{0AF4287F-F5A0-4FAE-B08F-A9662B9A2F91}.Release|Any CPU.ActiveCfg = Release|iPhone
		{0AF4287F-F5A0-4FAE-B08F-A9662B9A2F91}.Release|Any CPU.Build.0 = Release|iPhone
		{0AF4287F-F5A0-4FAE-B08F-A9662B9A2F91}.Debug|iPhoneSimulator.ActiveCfg = Debug|iPhoneSimulator
		{0AF4287F-F5A0-4FAE-B08F-A9662B9A2F91}.Debug|iPhoneSimulator.Build.0 = Debug|iPhoneSimulator
		{0AF4287F-F5A0-4FAE-B08F-A9662B9A2F91}.Release|iPhone.ActiveCfg = Release|iPhone
		{0AF4287F-F5A0-4FAE-B08F-A9662B9A2F91}.Release|iPhone.Build.0 = Release|iPhone
		{0AF4287F-F5A0-4FAE-B08F-A9662B9A2F91}.Release|iPhoneSimulator.ActiveCfg = Release|iPhoneSimulator
		{0AF4287F-F5A0-4FAE-B08F-A9662B9A2F91}.Release|iPhoneSimulator.Build.0 = Release|iPhoneSimulator
		{0AF4287F-F5A0-4FAE-B08F-A9662B9A2F91}.Debug|iPhone.ActiveCfg = Debug|iPhone
		{0AF4287F-F5A0-4FAE-B08F-A9662B9A2F91}.Debug|iPhone.Build.0 = Debug|iPhone
		{8632B29D-C168-49A4-8969-F5E5D50738D1}.Debug|Any CPU.ActiveCfg = Debug|Any CPU
		{8632B29D-C168-49A4-8969-F5E5D50738D1}.Debug|Any CPU.Build.0 = Debug|Any CPU
		{8632B29D-C168-49A4-8969-F5E5D50738D1}.Release|Any CPU.ActiveCfg = Release|Any CPU
		{8632B29D-C168-49A4-8969-F5E5D50738D1}.Release|Any CPU.Build.0 = Release|Any CPU
		{8632B29D-C168-49A4-8969-F5E5D50738D1}.Debug|iPhoneSimulator.ActiveCfg = Debug|Any CPU
		{8632B29D-C168-49A4-8969-F5E5D50738D1}.Debug|iPhoneSimulator.Build.0 = Debug|Any CPU
		{8632B29D-C168-49A4-8969-F5E5D50738D1}.Release|iPhone.ActiveCfg = Release|Any CPU
		{8632B29D-C168-49A4-8969-F5E5D50738D1}.Release|iPhone.Build.0 = Release|Any CPU
		{8632B29D-C168-49A4-8969-F5E5D50738D1}.Release|iPhoneSimulator.ActiveCfg = Release|Any CPU
		{8632B29D-C168-49A4-8969-F5E5D50738D1}.Release|iPhoneSimulator.Build.0 = Release|Any CPU
		{8632B29D-C168-49A4-8969-F5E5D50738D1}.Debug|iPhone.ActiveCfg = Debug|Any CPU
		{8632B29D-C168-49A4-8969-F5E5D50738D1}.Debug|iPhone.Build.0 = Debug|Any CPU
	EndGlobalSection
EndGlobal
